// !$*UTF8*$!
{
	archiveVersion = 1;
	classes = {
	};
	objectVersion = 50;
	objects = {

/* Begin PBXBuildFile section */
		8F60849C265DC2C0007561DC /* image_helper.c in Sources */ = {isa = PBXBuildFile; fileRef = 8F608480265DC2C0007561DC /* image_helper.c */; };
		8F60849D265DC2C0007561DC /* stbi_pkm.h in Headers */ = {isa = PBXBuildFile; fileRef = 8F608481265DC2C0007561DC /* stbi_pkm.h */; };
		8F60849E265DC2C0007561DC /* jo_jpeg.h in Headers */ = {isa = PBXBuildFile; fileRef = 8F608482265DC2C0007561DC /* jo_jpeg.h */; };
		8F60849F265DC2C0007561DC /* wfETC.h in Headers */ = {isa = PBXBuildFile; fileRef = 8F608483265DC2C0007561DC /* wfETC.h */; };
		8F6084A0265DC2C0007561DC /* image_DXT.c in Sources */ = {isa = PBXBuildFile; fileRef = 8F608484265DC2C0007561DC /* image_DXT.c */; };
		8F6084A1265DC2C0007561DC /* stb_image_write.h in Headers */ = {isa = PBXBuildFile; fileRef = 8F608485265DC2C0007561DC /* stb_image_write.h */; };
		8F6084A2265DC2C0007561DC /* SOIL2.c in Sources */ = {isa = PBXBuildFile; fileRef = 8F608486265DC2C0007561DC /* SOIL2.c */; };
		8F6084A3265DC2C0007561DC /* pkm_helper.h in Headers */ = {isa = PBXBuildFile; fileRef = 8F608487265DC2C0007561DC /* pkm_helper.h */; };
		8F6084A4265DC2C0007561DC /* stbi_DDS_c.h in Headers */ = {isa = PBXBuildFile; fileRef = 8F608488265DC2C0007561DC /* stbi_DDS_c.h */; };
		8F6084A5265DC2C0007561DC /* stbi_pvr.h in Headers */ = {isa = PBXBuildFile; fileRef = 8F608489265DC2C0007561DC /* stbi_pvr.h */; };
		8F6084A6265DC2C0007561DC /* stbi_ext.h in Headers */ = {isa = PBXBuildFile; fileRef = 8F60848A265DC2C0007561DC /* stbi_ext.h */; };
		8F6084A7265DC2C0007561DC /* stb_image.h in Headers */ = {isa = PBXBuildFile; fileRef = 8F60848B265DC2C0007561DC /* stb_image.h */; };
		8F6084A8265DC2C0007561DC /* stbi_pvr_c.h in Headers */ = {isa = PBXBuildFile; fileRef = 8F60848C265DC2C0007561DC /* stbi_pvr_c.h */; };
		8F6084A9265DC2C0007561DC /* stbi_ext_c.h in Headers */ = {isa = PBXBuildFile; fileRef = 8F60848D265DC2C0007561DC /* stbi_ext_c.h */; };
		8F6084AA265DC2C0007561DC /* image_helper.h in Headers */ = {isa = PBXBuildFile; fileRef = 8F60848E265DC2C0007561DC /* image_helper.h */; };
		8F6084AB265DC2C0007561DC /* SOIL2.h in Headers */ = {isa = PBXBuildFile; fileRef = 8F60848F265DC2C0007561DC /* SOIL2.h */; };
		8F6084AC265DC2C0007561DC /* wfETC.c in Sources */ = {isa = PBXBuildFile; fileRef = 8F608490265DC2C0007561DC /* wfETC.c */; };
		8F6084AD265DC2C0007561DC /* image_DXT.h in Headers */ = {isa = PBXBuildFile; fileRef = 8F608491265DC2C0007561DC /* image_DXT.h */; };
		8F6084AE265DC2C0007561DC /* stbi_pkm_c.h in Headers */ = {isa = PBXBuildFile; fileRef = 8F608492265DC2C0007561DC /* stbi_pkm_c.h */; };
		8F6084AF265DC2C0007561DC /* stbi_DDS.h in Headers */ = {isa = PBXBuildFile; fileRef = 8F608493265DC2C0007561DC /* stbi_DDS.h */; };
		8F6084B0265DC2C0007561DC /* pvr_helper.h in Headers */ = {isa = PBXBuildFile; fileRef = 8F608494265DC2C0007561DC /* pvr_helper.h */; };
		8F6084B3265DC2C0007561DC /* common.cpp in Sources */ = {isa = PBXBuildFile; fileRef = 8F60849A265DC2C0007561DC /* common.cpp */; };
		8F6084B4265DC2C0007561DC /* common.hpp in Headers */ = {isa = PBXBuildFile; fileRef = 8F60849B265DC2C0007561DC /* common.hpp */; };
/* End PBXBuildFile section */

/* Begin PBXFileReference section */
		8F608477265DC2AE007561DC /* libSOIL2BUILD.a */ = {isa = PBXFileReference; explicitFileType = archive.ar; includeInIndex = 0; path = libSOIL2BUILD.a; sourceTree = BUILT_PRODUCTS_DIR; };
		8F608480265DC2C0007561DC /* image_helper.c */ = {isa = PBXFileReference; fileEncoding = 4; lastKnownFileType = sourcecode.c.c; path = image_helper.c; sourceTree = "<group>"; };
		8F608481265DC2C0007561DC /* stbi_pkm.h */ = {isa = PBXFileReference; fileEncoding = 4; lastKnownFileType = sourcecode.c.h; path = stbi_pkm.h; sourceTree = "<group>"; };
		8F608482265DC2C0007561DC /* jo_jpeg.h */ = {isa = PBXFileReference; fileEncoding = 4; lastKnownFileType = sourcecode.c.h; path = jo_jpeg.h; sourceTree = "<group>"; };
		8F608483265DC2C0007561DC /* wfETC.h */ = {isa = PBXFileReference; fileEncoding = 4; lastKnownFileType = sourcecode.c.h; path = wfETC.h; sourceTree = "<group>"; };
		8F608484265DC2C0007561DC /* image_DXT.c */ = {isa = PBXFileReference; fileEncoding = 4; lastKnownFileType = sourcecode.c.c; path = image_DXT.c; sourceTree = "<group>"; };
		8F608485265DC2C0007561DC /* stb_image_write.h */ = {isa = PBXFileReference; fileEncoding = 4; lastKnownFileType = sourcecode.c.h; path = stb_image_write.h; sourceTree = "<group>"; };
		8F608486265DC2C0007561DC /* SOIL2.c */ = {isa = PBXFileReference; fileEncoding = 4; lastKnownFileType = sourcecode.c.c; path = SOIL2.c; sourceTree = "<group>"; };
		8F608487265DC2C0007561DC /* pkm_helper.h */ = {isa = PBXFileReference; fileEncoding = 4; lastKnownFileType = sourcecode.c.h; path = pkm_helper.h; sourceTree = "<group>"; };
		8F608488265DC2C0007561DC /* stbi_DDS_c.h */ = {isa = PBXFileReference; fileEncoding = 4; lastKnownFileType = sourcecode.c.h; path = stbi_DDS_c.h; sourceTree = "<group>"; };
		8F608489265DC2C0007561DC /* stbi_pvr.h */ = {isa = PBXFileReference; fileEncoding = 4; lastKnownFileType = sourcecode.c.h; path = stbi_pvr.h; sourceTree = "<group>"; };
		8F60848A265DC2C0007561DC /* stbi_ext.h */ = {isa = PBXFileReference; fileEncoding = 4; lastKnownFileType = sourcecode.c.h; path = stbi_ext.h; sourceTree = "<group>"; };
		8F60848B265DC2C0007561DC /* stb_image.h */ = {isa = PBXFileReference; fileEncoding = 4; lastKnownFileType = sourcecode.c.h; path = stb_image.h; sourceTree = "<group>"; };
		8F60848C265DC2C0007561DC /* stbi_pvr_c.h */ = {isa = PBXFileReference; fileEncoding = 4; lastKnownFileType = sourcecode.c.h; path = stbi_pvr_c.h; sourceTree = "<group>"; };
		8F60848D265DC2C0007561DC /* stbi_ext_c.h */ = {isa = PBXFileReference; fileEncoding = 4; lastKnownFileType = sourcecode.c.h; path = stbi_ext_c.h; sourceTree = "<group>"; };
		8F60848E265DC2C0007561DC /* image_helper.h */ = {isa = PBXFileReference; fileEncoding = 4; lastKnownFileType = sourcecode.c.h; path = image_helper.h; sourceTree = "<group>"; };
		8F60848F265DC2C0007561DC /* SOIL2.h */ = {isa = PBXFileReference; fileEncoding = 4; lastKnownFileType = sourcecode.c.h; path = SOIL2.h; sourceTree = "<group>"; };
		8F608490265DC2C0007561DC /* wfETC.c */ = {isa = PBXFileReference; fileEncoding = 4; lastKnownFileType = sourcecode.c.c; path = wfETC.c; sourceTree = "<group>"; };
		8F608491265DC2C0007561DC /* image_DXT.h */ = {isa = PBXFileReference; fileEncoding = 4; lastKnownFileType = sourcecode.c.h; path = image_DXT.h; sourceTree = "<group>"; };
		8F608492265DC2C0007561DC /* stbi_pkm_c.h */ = {isa = PBXFileReference; fileEncoding = 4; lastKnownFileType = sourcecode.c.h; path = stbi_pkm_c.h; sourceTree = "<group>"; };
		8F608493265DC2C0007561DC /* stbi_DDS.h */ = {isa = PBXFileReference; fileEncoding = 4; lastKnownFileType = sourcecode.c.h; path = stbi_DDS.h; sourceTree = "<group>"; };
		8F608494265DC2C0007561DC /* pvr_helper.h */ = {isa = PBXFileReference; fileEncoding = 4; lastKnownFileType = sourcecode.c.h; path = pvr_helper.h; sourceTree = "<group>"; };
		8F60849A265DC2C0007561DC /* common.cpp */ = {isa = PBXFileReference; fileEncoding = 4; lastKnownFileType = sourcecode.cpp.cpp; path = common.cpp; sourceTree = "<group>"; };
		8F60849B265DC2C0007561DC /* common.hpp */ = {isa = PBXFileReference; fileEncoding = 4; lastKnownFileType = sourcecode.cpp.h; path = common.hpp; sourceTree = "<group>"; };
/* End PBXFileReference section */

/* Begin PBXFrameworksBuildPhase section */
		8F608475265DC2AE007561DC /* Frameworks */ = {
			isa = PBXFrameworksBuildPhase;
			buildActionMask = 2147483647;
			files = (
			);
			runOnlyForDeploymentPostprocessing = 0;
		};
/* End PBXFrameworksBuildPhase section */

/* Begin PBXGroup section */
		8F60846E265DC2AE007561DC = {
			isa = PBXGroup;
			children = (
				8F60847E265DC2C0007561DC /* src */,
				8F608478265DC2AE007561DC /* Products */,
			);
			sourceTree = "<group>";
		};
		8F608478265DC2AE007561DC /* Products */ = {
			isa = PBXGroup;
			children = (
				8F608477265DC2AE007561DC /* libSOIL2BUILD.a */,
			);
			name = Products;
			sourceTree = "<group>";
		};
		8F60847E265DC2C0007561DC /* src */ = {
			isa = PBXGroup;
			children = (
				8F60847F265DC2C0007561DC /* SOIL2 */,
				8F608499265DC2C0007561DC /* common */,
			);
			name = src;
			path = "../../../../../Downloads/SOIL2-master/src";
			sourceTree = "<group>";
		};
		8F60847F265DC2C0007561DC /* SOIL2 */ = {
			isa = PBXGroup;
			children = (
				8F608480265DC2C0007561DC /* image_helper.c */,
				8F608481265DC2C0007561DC /* stbi_pkm.h */,
				8F608482265DC2C0007561DC /* jo_jpeg.h */,
				8F608483265DC2C0007561DC /* wfETC.h */,
				8F608484265DC2C0007561DC /* image_DXT.c */,
				8F608485265DC2C0007561DC /* stb_image_write.h */,
				8F608486265DC2C0007561DC /* SOIL2.c */,
				8F608487265DC2C0007561DC /* pkm_helper.h */,
				8F608488265DC2C0007561DC /* stbi_DDS_c.h */,
				8F608489265DC2C0007561DC /* stbi_pvr.h */,
				8F60848A265DC2C0007561DC /* stbi_ext.h */,
				8F60848B265DC2C0007561DC /* stb_image.h */,
				8F60848C265DC2C0007561DC /* stbi_pvr_c.h */,
				8F60848D265DC2C0007561DC /* stbi_ext_c.h */,
				8F60848E265DC2C0007561DC /* image_helper.h */,
				8F60848F265DC2C0007561DC /* SOIL2.h */,
				8F608490265DC2C0007561DC /* wfETC.c */,
				8F608491265DC2C0007561DC /* image_DXT.h */,
				8F608492265DC2C0007561DC /* stbi_pkm_c.h */,
				8F608493265DC2C0007561DC /* stbi_DDS.h */,
				8F608494265DC2C0007561DC /* pvr_helper.h */,
			);
			path = SOIL2;
			sourceTree = "<group>";
		};
		8F608499265DC2C0007561DC /* common */ = {
			isa = PBXGroup;
			children = (
				8F60849A265DC2C0007561DC /* common.cpp */,
				8F60849B265DC2C0007561DC /* common.hpp */,
			);
			path = common;
			sourceTree = "<group>";
		};
/* End PBXGroup section */

/* Begin PBXHeadersBuildPhase section */
		8F608473265DC2AE007561DC /* Headers */ = {
			isa = PBXHeadersBuildPhase;
			buildActionMask = 2147483647;
			files = (
				8F6084A4265DC2C0007561DC /* stbi_DDS_c.h in Headers */,
				8F6084AD265DC2C0007561DC /* image_DXT.h in Headers */,
				8F6084AB265DC2C0007561DC /* SOIL2.h in Headers */,
				8F6084AE265DC2C0007561DC /* stbi_pkm_c.h in Headers */,
				8F6084A1265DC2C0007561DC /* stb_image_write.h in Headers */,
				8F6084B4265DC2C0007561DC /* common.hpp in Headers */,
				8F6084A7265DC2C0007561DC /* stb_image.h in Headers */,
				8F6084B0265DC2C0007561DC /* pvr_helper.h in Headers */,
				8F6084A8265DC2C0007561DC /* stbi_pvr_c.h in Headers */,
				8F6084A6265DC2C0007561DC /* stbi_ext.h in Headers */,
				8F60849F265DC2C0007561DC /* wfETC.h in Headers */,
				8F60849D265DC2C0007561DC /* stbi_pkm.h in Headers */,
				8F6084A3265DC2C0007561DC /* pkm_helper.h in Headers */,
				8F6084A5265DC2C0007561DC /* stbi_pvr.h in Headers */,
				8F6084AF265DC2C0007561DC /* stbi_DDS.h in Headers */,
				8F60849E265DC2C0007561DC /* jo_jpeg.h in Headers */,
				8F6084AA265DC2C0007561DC /* image_helper.h in Headers */,
				8F6084A9265DC2C0007561DC /* stbi_ext_c.h in Headers */,
			);
			runOnlyForDeploymentPostprocessing = 0;
		};
/* End PBXHeadersBuildPhase section */

/* Begin PBXNativeTarget section */
		8F608476265DC2AE007561DC /* SOIL2BUILD */ = {
			isa = PBXNativeTarget;
			buildConfigurationList = 8F60847B265DC2AE007561DC /* Build configuration list for PBXNativeTarget "SOIL2BUILD" */;
			buildPhases = (
				8F608473265DC2AE007561DC /* Headers */,
				8F608474265DC2AE007561DC /* Sources */,
				8F608475265DC2AE007561DC /* Frameworks */,
			);
			buildRules = (
			);
			dependencies = (
			);
			name = SOIL2BUILD;
			productName = SOIL2BUILD;
			productReference = 8F608477265DC2AE007561DC /* libSOIL2BUILD.a */;
			productType = "com.apple.product-type.library.static";
		};
/* End PBXNativeTarget section */

/* Begin PBXProject section */
		8F60846F265DC2AE007561DC /* Project object */ = {
			isa = PBXProject;
			attributes = {
				LastUpgradeCheck = 1250;
				TargetAttributes = {
					8F608476265DC2AE007561DC = {
						CreatedOnToolsVersion = 12.5;
					};
				};
			};
			buildConfigurationList = 8F608472265DC2AE007561DC /* Build configuration list for PBXProject "SOIL2BUILD" */;
			compatibilityVersion = "Xcode 9.3";
			developmentRegion = en;
			hasScannedForEncodings = 0;
			knownRegions = (
				en,
				Base,
			);
			mainGroup = 8F60846E265DC2AE007561DC;
			productRefGroup = 8F608478265DC2AE007561DC /* Products */;
			projectDirPath = "";
			projectRoot = "";
			targets = (
				8F608476265DC2AE007561DC /* SOIL2BUILD */,
			);
		};
/* End PBXProject section */

/* Begin PBXSourcesBuildPhase section */
		8F608474265DC2AE007561DC /* Sources */ = {
			isa = PBXSourcesBuildPhase;
			buildActionMask = 2147483647;
			files = (
				8F6084B3265DC2C0007561DC /* common.cpp in Sources */,
				8F6084A2265DC2C0007561DC /* SOIL2.c in Sources */,
				8F6084AC265DC2C0007561DC /* wfETC.c in Sources */,
				8F6084A0265DC2C0007561DC /* image_DXT.c in Sources */,
				8F60849C265DC2C0007561DC /* image_helper.c in Sources */,
			);
			runOnlyForDeploymentPostprocessing = 0;
		};
/* End PBXSourcesBuildPhase section */

/* Begin XCBuildConfiguration section */
		8F608479265DC2AE007561DC /* Debug */ = {
			isa = XCBuildConfiguration;
			buildSettings = {
				ALWAYS_SEARCH_USER_PATHS = NO;
				CLANG_ANALYZER_NONNULL = YES;
				CLANG_ANALYZER_NUMBER_OBJECT_CONVERSION = YES_AGGRESSIVE;
				CLANG_CXX_LANGUAGE_STANDARD = "gnu++14";
				CLANG_CXX_LIBRARY = "libc++";
				CLANG_ENABLE_MODULES = YES;
				CLANG_ENABLE_OBJC_ARC = YES;
				CLANG_ENABLE_OBJC_WEAK = YES;
				CLANG_WARN_BLOCK_CAPTURE_AUTORELEASING = YES;
				CLANG_WARN_BOOL_CONVERSION = YES;
				CLANG_WARN_COMMA = YES;
				CLANG_WARN_CONSTANT_CONVERSION = YES;
				CLANG_WARN_DEPRECATED_OBJC_IMPLEMENTATIONS = YES;
				CLANG_WARN_DIRECT_OBJC_ISA_USAGE = YES_ERROR;
				CLANG_WARN_DOCUMENTATION_COMMENTS = YES;
				CLANG_WARN_EMPTY_BODY = YES;
				CLANG_WARN_ENUM_CONVERSION = YES;
				CLANG_WARN_INFINITE_RECURSION = YES;
				CLANG_WARN_INT_CONVERSION = YES;
				CLANG_WARN_NON_LITERAL_NULL_CONVERSION = YES;
				CLANG_WARN_OBJC_IMPLICIT_RETAIN_SELF = YES;
				CLANG_WARN_OBJC_LITERAL_CONVERSION = YES;
				CLANG_WARN_OBJC_ROOT_CLASS = YES_ERROR;
				CLANG_WARN_QUOTED_INCLUDE_IN_FRAMEWORK_HEADER = YES;
				CLANG_WARN_RANGE_LOOP_ANALYSIS = YES;
				CLANG_WARN_STRICT_PROTOTYPES = YES;
				CLANG_WARN_SUSPICIOUS_MOVE = YES;
				CLANG_WARN_UNGUARDED_AVAILABILITY = YES_AGGRESSIVE;
				CLANG_WARN_UNREACHABLE_CODE = YES;
				CLANG_WARN__DUPLICATE_METHOD_MATCH = YES;
				COPY_PHASE_STRIP = NO;
				DEBUG_INFORMATION_FORMAT = dwarf;
				ENABLE_STRICT_OBJC_MSGSEND = YES;
				ENABLE_TESTABILITY = YES;
				GCC_C_LANGUAGE_STANDARD = gnu11;
				GCC_DYNAMIC_NO_PIC = NO;
				GCC_NO_COMMON_BLOCKS = YES;
				GCC_OPTIMIZATION_LEVEL = 0;
				GCC_PREPROCESSOR_DEFINITIONS = (
					"DEBUG=1",
					"$(inherited)",
				);
				GCC_WARN_64_TO_32_BIT_CONVERSION = YES;
				GCC_WARN_ABOUT_RETURN_TYPE = YES_ERROR;
				GCC_WARN_UNDECLARED_SELECTOR = YES;
				GCC_WARN_UNINITIALIZED_AUTOS = YES_AGGRESSIVE;
				GCC_WARN_UNUSED_FUNCTION = YES;
				GCC_WARN_UNUSED_VARIABLE = YES;
				MACOSX_DEPLOYMENT_TARGET = 11.2;
				MTL_ENABLE_DEBUG_INFO = INCLUDE_SOURCE;
				MTL_FAST_MATH = YES;
				ONLY_ACTIVE_ARCH = YES;
				SDKROOT = macosx;
			};
			name = Debug;
		};
		8F60847A265DC2AE007561DC /* Release */ = {
			isa = XCBuildConfiguration;
			buildSettings = {
				ALWAYS_SEARCH_USER_PATHS = NO;
				CLANG_ANALYZER_NONNULL = YES;
				CLANG_ANALYZER_NUMBER_OBJECT_CONVERSION = YES_AGGRESSIVE;
				CLANG_CXX_LANGUAGE_STANDARD = "gnu++14";
				CLANG_CXX_LIBRARY = "libc++";
				CLANG_ENABLE_MODULES = YES;
				CLANG_ENABLE_OBJC_ARC = YES;
				CLANG_ENABLE_OBJC_WEAK = YES;
				CLANG_WARN_BLOCK_CAPTURE_AUTORELEASING = YES;
				CLANG_WARN_BOOL_CONVERSION = YES;
				CLANG_WARN_COMMA = YES;
				CLANG_WARN_CONSTANT_CONVERSION = YES;
				CLANG_WARN_DEPRECATED_OBJC_IMPLEMENTATIONS = YES;
				CLANG_WARN_DIRECT_OBJC_ISA_USAGE = YES_ERROR;
				CLANG_WARN_DOCUMENTATION_COMMENTS = YES;
				CLANG_WARN_EMPTY_BODY = YES;
				CLANG_WARN_ENUM_CONVERSION = YES;
				CLANG_WARN_INFINITE_RECURSION = YES;
				CLANG_WARN_INT_CONVERSION = YES;
				CLANG_WARN_NON_LITERAL_NULL_CONVERSION = YES;
				CLANG_WARN_OBJC_IMPLICIT_RETAIN_SELF = YES;
				CLANG_WARN_OBJC_LITERAL_CONVERSION = YES;
				CLANG_WARN_OBJC_ROOT_CLASS = YES_ERROR;
				CLANG_WARN_QUOTED_INCLUDE_IN_FRAMEWORK_HEADER = YES;
				CLANG_WARN_RANGE_LOOP_ANALYSIS = YES;
				CLANG_WARN_STRICT_PROTOTYPES = YES;
				CLANG_WARN_SUSPICIOUS_MOVE = YES;
				CLANG_WARN_UNGUARDED_AVAILABILITY = YES_AGGRESSIVE;
				CLANG_WARN_UNREACHABLE_CODE = YES;
				CLANG_WARN__DUPLICATE_METHOD_MATCH = YES;
				COPY_PHASE_STRIP = NO;
				DEBUG_INFORMATION_FORMAT = "dwarf-with-dsym";
				ENABLE_NS_ASSERTIONS = NO;
				ENABLE_STRICT_OBJC_MSGSEND = YES;
				GCC_C_LANGUAGE_STANDARD = gnu11;
				GCC_NO_COMMON_BLOCKS = YES;
				GCC_WARN_64_TO_32_BIT_CONVERSION = YES;
				GCC_WARN_ABOUT_RETURN_TYPE = YES_ERROR;
				GCC_WARN_UNDECLARED_SELECTOR = YES;
				GCC_WARN_UNINITIALIZED_AUTOS = YES_AGGRESSIVE;
				GCC_WARN_UNUSED_FUNCTION = YES;
				GCC_WARN_UNUSED_VARIABLE = YES;
				MACOSX_DEPLOYMENT_TARGET = 11.2;
				MTL_ENABLE_DEBUG_INFO = NO;
				MTL_FAST_MATH = YES;
				SDKROOT = macosx;
			};
			name = Release;
		};
		8F60847C265DC2AE007561DC /* Debug */ = {
			isa = XCBuildConfiguration;
			buildSettings = {
				CODE_SIGN_STYLE = Automatic;
				EXECUTABLE_PREFIX = lib;
				PRODUCT_NAME = "$(TARGET_NAME)";
				SKIP_INSTALL = YES;
			};
			name = Debug;
		};
		8F60847D265DC2AE007561DC /* Release */ = {
			isa = XCBuildConfiguration;
			buildSettings = {
				CODE_SIGN_STYLE = Automatic;
				EXECUTABLE_PREFIX = lib;
				PRODUCT_NAME = "$(TARGET_NAME)";
				SKIP_INSTALL = YES;
			};
			name = Release;
		};
/* End XCBuildConfiguration section */

/* Begin XCConfigurationList section */
		8F608472265DC2AE007561DC /* Build configuration list for PBXProject "SOIL2BUILD" */ = {
			isa = XCConfigurationList;
			buildConfigurations = (
				8F608479265DC2AE007561DC /* Debug */,
				8F60847A265DC2AE007561DC /* Release */,
			);
			defaultConfigurationIsVisible = 0;
			defaultConfigurationName = Release;
		};
		8F60847B265DC2AE007561DC /* Build configuration list for PBXNativeTarget "SOIL2BUILD" */ = {
			isa = XCConfigurationList;
			buildConfigurations = (
				8F60847C265DC2AE007561DC /* Debug */,
				8F60847D265DC2AE007561DC /* Release */,
			);
			defaultConfigurationIsVisible = 0;
			defaultConfigurationName = Release;
		};
/* End XCConfigurationList section */
	};
	rootObject = 8F60846F265DC2AE007561DC /* Project object */;
}
